
Microsoft Visual Studio Solution File, Format Version 12.00
# Visual Studio Version 17
VisualStudioVersion = 17.9.34616.47
MinimumVisualStudioVersion = 10.0.40219.1
Project("{FAE04EC0-301F-11D3-BF4B-00C04F79EFBC}") = "RemoteDesktop", "RemoteDesktop\RemoteDesktop.csproj", "{8D2CB5B9-F4F5-46A6-A914-895D2D2C155C}"
EndProject
Project("{FAE04EC0-301F-11D3-BF4B-00C04F79EFBC}") = "RemoteConnect", "RemoteConnect\RemoteConnect.csproj", "{EA844337-799F-44B0-AA73-A60B994969D2}"
EndProject
Global
	GlobalSection(SolutionConfigurationPlatforms) = preSolution
		Debug|Any CPU = Debug|Any CPU
		Release|Any CPU = Release|Any CPU
	EndGlobalSection
	GlobalSection(ProjectConfigurationPlatforms) = postSolution
		{8D2CB5B9-F4F5-46A6-A914-895D2D2C155C}.Debug|Any CPU.ActiveCfg = Debug|Any CPU
		{8D2CB5B9-F4F5-46A6-A914-895D2D2C155C}.Debug|Any CPU.Build.0 = Debug|Any CPU
		{8D2CB5B9-F4F5-46A6-A914-895D2D2C155C}.Release|Any CPU.ActiveCfg = Release|Any CPU
		{8D2CB5B9-F4F5-46A6-A914-895D2D2C155C}.Release|Any CPU.Build.0 = Release|Any CPU
		{EA844337-799F-44B0-AA73-A60B994969D2}.Debug|Any CPU.ActiveCfg = Debug|Any CPU
		{EA844337-799F-44B0-AA73-A60B994969D2}.Debug|Any CPU.Build.0 = Debug|Any CPU
		{EA844337-799F-44B0-AA73-A60B994969D2}.Release|Any CPU.ActiveCfg = Release|Any CPU
		{EA844337-799F-44B0-AA73-A60B994969D2}.Release|Any CPU.Build.0 = Release|Any CPU
	EndGlobalSection
	GlobalSection(SolutionProperties) = preSolution
		HideSolutionNode = FALSE
	EndGlobalSection
	GlobalSection(ExtensibilityGlobals) = postSolution
		SolutionGuid = {16D244FE-F678-431C-936A-45B08BC5E518}
	EndGlobalSection
EndGlobal
